
Microsoft Visual Studio Solution File, Format Version 12.00
# Visual Studio Version 16
VisualStudioVersion = 16.0.30611.23
MinimumVisualStudioVersion = 10.0.40219.1
Project("{FAE04EC0-301F-11D3-BF4B-00C04F79EFBC}") = "WpfVideogioco", "WpfVideogioco\WpfVideogioco.csproj", "{7D616847-423E-4700-AD9B-710D57DF9936}"
EndProject
Project("{FAE04EC0-301F-11D3-BF4B-00C04F79EFBC}") = "LibraryVideogioco", "LibraryVideogioco\LibraryVideogioco.csproj", "{E407BB56-55E6-4E0A-90DA-4AEC81C1FC51}"
EndProject
Global
	GlobalSection(SolutionConfigurationPlatforms) = preSolution
		Debug|Any CPU = Debug|Any CPU
		Release|Any CPU = Release|Any CPU
	EndGlobalSection
	GlobalSection(ProjectConfigurationPlatforms) = postSolution
		{7D616847-423E-4700-AD9B-710D57DF9936}.Debug|Any CPU.ActiveCfg = Debug|Any CPU
		{7D616847-423E-4700-AD9B-710D57DF9936}.Debug|Any CPU.Build.0 = Debug|Any CPU
		{7D616847-423E-4700-AD9B-710D57DF9936}.Release|Any CPU.ActiveCfg = Release|Any CPU
		{7D616847-423E-4700-AD9B-710D57DF9936}.Release|Any CPU.Build.0 = Release|Any CPU
		{E407BB56-55E6-4E0A-90DA-4AEC81C1FC51}.Debug|Any CPU.ActiveCfg = Debug|Any CPU
		{E407BB56-55E6-4E0A-90DA-4AEC81C1FC51}.Debug|Any CPU.Build.0 = Debug|Any CPU
		{E407BB56-55E6-4E0A-90DA-4AEC81C1FC51}.Release|Any CPU.ActiveCfg = Release|Any CPU
		{E407BB56-55E6-4E0A-90DA-4AEC81C1FC51}.Release|Any CPU.Build.0 = Release|Any CPU
	EndGlobalSection
	GlobalSection(SolutionProperties) = preSolution
		HideSolutionNode = FALSE
	EndGlobalSection
	GlobalSection(ExtensibilityGlobals) = postSolution
		SolutionGuid = {B7320C15-0070-430C-A3D6-25A270A5870A}
	EndGlobalSection
EndGlobal
